
Microsoft Visual Studio Solution File, Format Version 12.00
# Visual Studio 2013
VisualStudioVersion = 12.0.30501.0
MinimumVisualStudioVersion = 10.0.40219.1
Project("{8BC9CEB8-8B4A-11D0-8D11-00A0C91BC942}") = "03-函数提高", "03-函数提高\03-函数提高.vcxproj", "{93F1A7B6-6DBC-4062-A2CE-EDC6C4E757FA}"
EndProject
Global
	GlobalSection(SolutionConfigurationPlatforms) = preSolution
		Debug|Win32 = Debug|Win32
		Release|Win32 = Release|Win32
	EndGlobalSection
	GlobalSection(ProjectConfigurationPlatforms) = postSolution
		{93F1A7B6-6DBC-4062-A2CE-EDC6C4E757FA}.Debug|Win32.ActiveCfg = Debug|Win32
		{93F1A7B6-6DBC-4062-A2CE-EDC6C4E757FA}.Debug|Win32.Build.0 = Debug|Win32
		{93F1A7B6-6DBC-4062-A2CE-EDC6C4E757FA}.Release|Win32.ActiveCfg = Release|Win32
		{93F1A7B6-6DBC-4062-A2CE-EDC6C4E757FA}.Release|Win32.Build.0 = Release|Win32
	EndGlobalSection
	GlobalSection(SolutionProperties) = preSolution
		HideSolutionNode = FALSE
	EndGlobalSection
EndGlobal
