
Microsoft Visual Studio Solution File, Format Version 12.00
# Visual Studio 2013
VisualStudioVersion = 12.0.30501.0
MinimumVisualStudioVersion = 10.0.40219.1
Project("{8BC9CEB8-8B4A-11D0-8D11-00A0C91BC942}") = "05 deque容器", "05 deque容器\05 deque容器.vcxproj", "{62D2B446-C364-4B13-B21F-89A3E07C5A25}"
EndProject
Global
	GlobalSection(SolutionConfigurationPlatforms) = preSolution
		Debug|Win32 = Debug|Win32
		Release|Win32 = Release|Win32
	EndGlobalSection
	GlobalSection(ProjectConfigurationPlatforms) = postSolution
		{62D2B446-C364-4B13-B21F-89A3E07C5A25}.Debug|Win32.ActiveCfg = Debug|Win32
		{62D2B446-C364-4B13-B21F-89A3E07C5A25}.Debug|Win32.Build.0 = Debug|Win32
		{62D2B446-C364-4B13-B21F-89A3E07C5A25}.Release|Win32.ActiveCfg = Release|Win32
		{62D2B446-C364-4B13-B21F-89A3E07C5A25}.Release|Win32.Build.0 = Release|Win32
	EndGlobalSection
	GlobalSection(SolutionProperties) = preSolution
		HideSolutionNode = FALSE
	EndGlobalSection
EndGlobal
